
Microsoft Visual Studio Solution File, Format Version 12.00
# Visual Studio Version 17
VisualStudioVersion = 17.1.32328.378
MinimumVisualStudioVersion = 10.0.40219.1
Project("{9A19103F-16F7-4668-BE54-9A1E7A4F7556}") = "GSTrans", "GSTrans\GSTrans.csproj", "{5507B6D0-DE3F-4F1A-A733-5F5803D6F534}"
EndProject
Project("{9A19103F-16F7-4668-BE54-9A1E7A4F7556}") = "MORT", "MORT\MORT.csproj", "{26B85EFA-2610-4BEF-9F70-8B65807E6CFE}"
	ProjectSection(ProjectDependencies) = postProject
		{C22FAB34-B175-42E4-AC8E-D0EA895B8C81} = {C22FAB34-B175-42E4-AC8E-D0EA895B8C81}
	EndProjectSection
EndProject
Project("{9A19103F-16F7-4668-BE54-9A1E7A4F7556}") = "PipeClient", "PipeClient\PipeClient.csproj", "{0CF1C0E9-9196-44E3-92EF-EB5ED82CACC3}"
EndProject
Project("{9A19103F-16F7-4668-BE54-9A1E7A4F7556}") = "CloudVision", "CloudVision\CloudVision.csproj", "{54B0F7B3-3D49-44D6-A887-DBAB5D7A104F}"
EndProject
Project("{9A19103F-16F7-4668-BE54-9A1E7A4F7556}") = "Updater", "Updater\Updater.csproj", "{76CAE79C-C86A-47DD-83BA-1656CEBF09C5}"
EndProject
Project("{8BC9CEB8-8B4A-11D0-8D11-00A0C91BC942}") = "MORT_CORE", "MORT_CORE\MORT_CORE\MORT_CORE.vcxproj", "{C22FAB34-B175-42E4-AC8E-D0EA895B8C81}"
EndProject
Global
	GlobalSection(SolutionConfigurationPlatforms) = preSolution
		Debug|Any CPU = Debug|Any CPU
		Debug|x64 = Debug|x64
		Debug|x86 = Debug|x86
		Release|Any CPU = Release|Any CPU
		Release|x64 = Release|x64
		Release|x86 = Release|x86
	EndGlobalSection
	GlobalSection(ProjectConfigurationPlatforms) = postSolution
		{5507B6D0-DE3F-4F1A-A733-5F5803D6F534}.Debug|Any CPU.ActiveCfg = Debug|x64
		{5507B6D0-DE3F-4F1A-A733-5F5803D6F534}.Debug|Any CPU.Build.0 = Debug|x64
		{5507B6D0-DE3F-4F1A-A733-5F5803D6F534}.Debug|x64.ActiveCfg = Debug|x64
		{5507B6D0-DE3F-4F1A-A733-5F5803D6F534}.Debug|x64.Build.0 = Debug|x64
		{5507B6D0-DE3F-4F1A-A733-5F5803D6F534}.Debug|x86.ActiveCfg = Debug|x64
		{5507B6D0-DE3F-4F1A-A733-5F5803D6F534}.Debug|x86.Build.0 = Debug|x64
		{5507B6D0-DE3F-4F1A-A733-5F5803D6F534}.Release|Any CPU.ActiveCfg = Release|x64
		{5507B6D0-DE3F-4F1A-A733-5F5803D6F534}.Release|Any CPU.Build.0 = Release|x64
		{5507B6D0-DE3F-4F1A-A733-5F5803D6F534}.Release|x64.ActiveCfg = Release|x64
		{5507B6D0-DE3F-4F1A-A733-5F5803D6F534}.Release|x64.Build.0 = Release|x64
		{5507B6D0-DE3F-4F1A-A733-5F5803D6F534}.Release|x86.ActiveCfg = Release|x64
		{5507B6D0-DE3F-4F1A-A733-5F5803D6F534}.Release|x86.Build.0 = Release|x64
		{26B85EFA-2610-4BEF-9F70-8B65807E6CFE}.Debug|Any CPU.ActiveCfg = Debug|x64
		{26B85EFA-2610-4BEF-9F70-8B65807E6CFE}.Debug|Any CPU.Build.0 = Debug|x64
		{26B85EFA-2610-4BEF-9F70-8B65807E6CFE}.Debug|x64.ActiveCfg = Debug|x64
		{26B85EFA-2610-4BEF-9F70-8B65807E6CFE}.Debug|x64.Build.0 = Debug|x64
		{26B85EFA-2610-4BEF-9F70-8B65807E6CFE}.Debug|x86.ActiveCfg = Debug|x64
		{26B85EFA-2610-4BEF-9F70-8B65807E6CFE}.Debug|x86.Build.0 = Debug|x64
		{26B85EFA-2610-4BEF-9F70-8B65807E6CFE}.Release|Any CPU.ActiveCfg = Release|x64
		{26B85EFA-2610-4BEF-9F70-8B65807E6CFE}.Release|Any CPU.Build.0 = Release|x64
		{26B85EFA-2610-4BEF-9F70-8B65807E6CFE}.Release|x64.ActiveCfg = Release|x64
		{26B85EFA-2610-4BEF-9F70-8B65807E6CFE}.Release|x64.Build.0 = Release|x64
		{26B85EFA-2610-4BEF-9F70-8B65807E6CFE}.Release|x86.ActiveCfg = Release|x64
		{26B85EFA-2610-4BEF-9F70-8B65807E6CFE}.Release|x86.Build.0 = Release|x64
		{0CF1C0E9-9196-44E3-92EF-EB5ED82CACC3}.Debug|Any CPU.ActiveCfg = Debug|x64
		{0CF1C0E9-9196-44E3-92EF-EB5ED82CACC3}.Debug|Any CPU.Build.0 = Debug|x64
		{0CF1C0E9-9196-44E3-92EF-EB5ED82CACC3}.Debug|x64.ActiveCfg = Debug|x64
		{0CF1C0E9-9196-44E3-92EF-EB5ED82CACC3}.Debug|x64.Build.0 = Debug|x64
		{0CF1C0E9-9196-44E3-92EF-EB5ED82CACC3}.Debug|x86.ActiveCfg = Debug|x64
		{0CF1C0E9-9196-44E3-92EF-EB5ED82CACC3}.Debug|x86.Build.0 = Debug|x64
		{0CF1C0E9-9196-44E3-92EF-EB5ED82CACC3}.Release|Any CPU.ActiveCfg = Release|x64
		{0CF1C0E9-9196-44E3-92EF-EB5ED82CACC3}.Release|Any CPU.Build.0 = Release|x64
		{0CF1C0E9-9196-44E3-92EF-EB5ED82CACC3}.Release|x64.ActiveCfg = Release|x64
		{0CF1C0E9-9196-44E3-92EF-EB5ED82CACC3}.Release|x64.Build.0 = Release|x64
		{0CF1C0E9-9196-44E3-92EF-EB5ED82CACC3}.Release|x86.ActiveCfg = Release|x64
		{0CF1C0E9-9196-44E3-92EF-EB5ED82CACC3}.Release|x86.Build.0 = Release|x64
		{54B0F7B3-3D49-44D6-A887-DBAB5D7A104F}.Debug|Any CPU.ActiveCfg = Debug|x64
		{54B0F7B3-3D49-44D6-A887-DBAB5D7A104F}.Debug|Any CPU.Build.0 = Debug|x64
		{54B0F7B3-3D49-44D6-A887-DBAB5D7A104F}.Debug|x64.ActiveCfg = Debug|x64
		{54B0F7B3-3D49-44D6-A887-DBAB5D7A104F}.Debug|x64.Build.0 = Debug|x64
		{54B0F7B3-3D49-44D6-A887-DBAB5D7A104F}.Debug|x86.ActiveCfg = Debug|x64
		{54B0F7B3-3D49-44D6-A887-DBAB5D7A104F}.Debug|x86.Build.0 = Debug|x64
		{54B0F7B3-3D49-44D6-A887-DBAB5D7A104F}.Release|Any CPU.ActiveCfg = Release|x64
		{54B0F7B3-3D49-44D6-A887-DBAB5D7A104F}.Release|Any CPU.Build.0 = Release|x64
		{54B0F7B3-3D49-44D6-A887-DBAB5D7A104F}.Release|x64.ActiveCfg = Release|x64
		{54B0F7B3-3D49-44D6-A887-DBAB5D7A104F}.Release|x64.Build.0 = Release|x64
		{54B0F7B3-3D49-44D6-A887-DBAB5D7A104F}.Release|x86.ActiveCfg = Release|x64
		{54B0F7B3-3D49-44D6-A887-DBAB5D7A104F}.Release|x86.Build.0 = Release|x64
		{76CAE79C-C86A-47DD-83BA-1656CEBF09C5}.Debug|Any CPU.ActiveCfg = Debug|Any CPU
		{76CAE79C-C86A-47DD-83BA-1656CEBF09C5}.Debug|Any CPU.Build.0 = Debug|Any CPU
		{76CAE79C-C86A-47DD-83BA-1656CEBF09C5}.Debug|x64.ActiveCfg = Debug|Any CPU
		{76CAE79C-C86A-47DD-83BA-1656CEBF09C5}.Debug|x64.Build.0 = Debug|Any CPU
		{76CAE79C-C86A-47DD-83BA-1656CEBF09C5}.Debug|x86.ActiveCfg = Debug|Any CPU
		{76CAE79C-C86A-47DD-83BA-1656CEBF09C5}.Debug|x86.Build.0 = Debug|Any CPU
		{76CAE79C-C86A-47DD-83BA-1656CEBF09C5}.Release|Any CPU.ActiveCfg = Release|Any CPU
		{76CAE79C-C86A-47DD-83BA-1656CEBF09C5}.Release|Any CPU.Build.0 = Release|Any CPU
		{76CAE79C-C86A-47DD-83BA-1656CEBF09C5}.Release|x64.ActiveCfg = Release|Any CPU
		{76CAE79C-C86A-47DD-83BA-1656CEBF09C5}.Release|x64.Build.0 = Release|Any CPU
		{76CAE79C-C86A-47DD-83BA-1656CEBF09C5}.Release|x86.ActiveCfg = Release|Any CPU
		{76CAE79C-C86A-47DD-83BA-1656CEBF09C5}.Release|x86.Build.0 = Release|Any CPU
		{C22FAB34-B175-42E4-AC8E-D0EA895B8C81}.Debug|Any CPU.ActiveCfg = Debug|x64
		{C22FAB34-B175-42E4-AC8E-D0EA895B8C81}.Debug|Any CPU.Build.0 = Debug|x64
		{C22FAB34-B175-42E4-AC8E-D0EA895B8C81}.Debug|x64.ActiveCfg = Debug|x64
		{C22FAB34-B175-42E4-AC8E-D0EA895B8C81}.Debug|x64.Build.0 = Debug|x64
		{C22FAB34-B175-42E4-AC8E-D0EA895B8C81}.Debug|x86.ActiveCfg = Debug|Win32
		{C22FAB34-B175-42E4-AC8E-D0EA895B8C81}.Debug|x86.Build.0 = Debug|Win32
		{C22FAB34-B175-42E4-AC8E-D0EA895B8C81}.Release|Any CPU.ActiveCfg = Release|x64
		{C22FAB34-B175-42E4-AC8E-D0EA895B8C81}.Release|Any CPU.Build.0 = Release|x64
		{C22FAB34-B175-42E4-AC8E-D0EA895B8C81}.Release|x64.ActiveCfg = Release|x64
		{C22FAB34-B175-42E4-AC8E-D0EA895B8C81}.Release|x64.Build.0 = Release|x64
		{C22FAB34-B175-42E4-AC8E-D0EA895B8C81}.Release|x86.ActiveCfg = Release|Win32
		{C22FAB34-B175-42E4-AC8E-D0EA895B8C81}.Release|x86.Build.0 = Release|Win32
	EndGlobalSection
	GlobalSection(SolutionProperties) = preSolution
		HideSolutionNode = FALSE
	EndGlobalSection
	GlobalSection(ExtensibilityGlobals) = postSolution
		SolutionGuid = {0269A823-2296-4890-9D5E-EDF39A32663C}
	EndGlobalSection
EndGlobal
